
Microsoft Visual Studio Solution File, Format Version 12.00
# Visual Studio Version 17
VisualStudioVersion = 17.11.35312.102
MinimumVisualStudioVersion = 10.0.40219.1
Project("{9A19103F-16F7-4668-BE54-9A1E7A4F7556}") = "InvenstmentPortalAPI", "InvenstmentPortalAPI\InvenstmentPortalAPI.csproj", "{87C95BF2-1052-45C6-88DF-42D1624521C8}"
EndProject
Project("{9A19103F-16F7-4668-BE54-9A1E7A4F7556}") = "InvestmentPortal.Data", "InvestmentPortal.Data\InvestmentPortal.Data.csproj", "{317E4710-A35B-431A-AA9E-258598F7583D}"
EndProject
Project("{FAE04EC0-301F-11D3-BF4B-00C04F79EFBC}") = "InvestmentPortal.Services", "InvestmentPortal.Services\InvestmentPortal.Services.csproj", "{B2EDC08B-7183-4414-96DE-6CA8C49CE855}"
EndProject
Project("{FAE04EC0-301F-11D3-BF4B-00C04F79EFBC}") = "InvestmentPortal.Common", "InvestmentPortal.Common\InvestmentPortal.Common.csproj", "{0CE8A1F7-A82A-43EB-91AE-42906ABF7D66}"
EndProject
Global
	GlobalSection(SolutionConfigurationPlatforms) = preSolution
		Debug|Any CPU = Debug|Any CPU
		Release|Any CPU = Release|Any CPU
	EndGlobalSection
	GlobalSection(ProjectConfigurationPlatforms) = postSolution
		{87C95BF2-1052-45C6-88DF-42D1624521C8}.Debug|Any CPU.ActiveCfg = Debug|Any CPU
		{87C95BF2-1052-45C6-88DF-42D1624521C8}.Debug|Any CPU.Build.0 = Debug|Any CPU
		{87C95BF2-1052-45C6-88DF-42D1624521C8}.Release|Any CPU.ActiveCfg = Release|Any CPU
		{87C95BF2-1052-45C6-88DF-42D1624521C8}.Release|Any CPU.Build.0 = Release|Any CPU
		{317E4710-A35B-431A-AA9E-258598F7583D}.Debug|Any CPU.ActiveCfg = Debug|Any CPU
		{317E4710-A35B-431A-AA9E-258598F7583D}.Debug|Any CPU.Build.0 = Debug|Any CPU
		{317E4710-A35B-431A-AA9E-258598F7583D}.Release|Any CPU.ActiveCfg = Release|Any CPU
		{317E4710-A35B-431A-AA9E-258598F7583D}.Release|Any CPU.Build.0 = Release|Any CPU
		{B2EDC08B-7183-4414-96DE-6CA8C49CE855}.Debug|Any CPU.ActiveCfg = Debug|Any CPU
		{B2EDC08B-7183-4414-96DE-6CA8C49CE855}.Debug|Any CPU.Build.0 = Debug|Any CPU
		{B2EDC08B-7183-4414-96DE-6CA8C49CE855}.Release|Any CPU.ActiveCfg = Release|Any CPU
		{B2EDC08B-7183-4414-96DE-6CA8C49CE855}.Release|Any CPU.Build.0 = Release|Any CPU
		{0CE8A1F7-A82A-43EB-91AE-42906ABF7D66}.Debug|Any CPU.ActiveCfg = Debug|Any CPU
		{0CE8A1F7-A82A-43EB-91AE-42906ABF7D66}.Debug|Any CPU.Build.0 = Debug|Any CPU
		{0CE8A1F7-A82A-43EB-91AE-42906ABF7D66}.Release|Any CPU.ActiveCfg = Release|Any CPU
		{0CE8A1F7-A82A-43EB-91AE-42906ABF7D66}.Release|Any CPU.Build.0 = Release|Any CPU
	EndGlobalSection
	GlobalSection(SolutionProperties) = preSolution
		HideSolutionNode = FALSE
	EndGlobalSection
	GlobalSection(ExtensibilityGlobals) = postSolution
		SolutionGuid = {E027F28C-6825-4AA0-9104-8DD3D5E228AF}
	EndGlobalSection
EndGlobal
